
Microsoft Visual Studio Solution File, Format Version 12.00
# Visual Studio Version 16
VisualStudioVersion = 16.0.30225.117
MinimumVisualStudioVersion = 10.0.40219.1
Project("{FAE04EC0-301F-11D3-BF4B-00C04F79EFBC}") = "Center.Server", "Center.Server\Center.Server.csproj", "{2F5C82B0-880E-437A-B707-EC5330349C60}"
EndProject
Project("{FAE04EC0-301F-11D3-BF4B-00C04F79EFBC}") = "Game.Base", "Game.Base\Game.Base.csproj", "{0B98B651-E8AD-42A2-A9D2-340AA0D795BE}"
EndProject
Project("{FAE04EC0-301F-11D3-BF4B-00C04F79EFBC}") = "Center.Service", "Center.Service\Center.Service.csproj", "{CA06CBBB-0C55-4EB0-90A0-2E39460F3C90}"
EndProject
Project("{FAE04EC0-301F-11D3-BF4B-00C04F79EFBC}") = "Bussiness", "Bussiness\Bussiness.csproj", "{84BF6699-751A-4078-AEC4-E217DACDEC28}"
EndProject
Project("{FAE04EC0-301F-11D3-BF4B-00C04F79EFBC}") = "SqlDataProvider", "SqlDataProvider\SqlDataProvider.csproj", "{4D86CA83-4902-4288-9144-6170AA09CEAC}"
EndProject
Global
	GlobalSection(SolutionConfigurationPlatforms) = preSolution
		Debug|Any CPU = Debug|Any CPU
		Release|Any CPU = Release|Any CPU
	EndGlobalSection
	GlobalSection(ProjectConfigurationPlatforms) = postSolution
		{2F5C82B0-880E-437A-B707-EC5330349C60}.Debug|Any CPU.ActiveCfg = Debug|Any CPU
		{2F5C82B0-880E-437A-B707-EC5330349C60}.Debug|Any CPU.Build.0 = Debug|Any CPU
		{2F5C82B0-880E-437A-B707-EC5330349C60}.Release|Any CPU.ActiveCfg = Release|Any CPU
		{2F5C82B0-880E-437A-B707-EC5330349C60}.Release|Any CPU.Build.0 = Release|Any CPU
		{0B98B651-E8AD-42A2-A9D2-340AA0D795BE}.Debug|Any CPU.ActiveCfg = Debug|Any CPU
		{0B98B651-E8AD-42A2-A9D2-340AA0D795BE}.Debug|Any CPU.Build.0 = Debug|Any CPU
		{0B98B651-E8AD-42A2-A9D2-340AA0D795BE}.Release|Any CPU.ActiveCfg = Release|Any CPU
		{0B98B651-E8AD-42A2-A9D2-340AA0D795BE}.Release|Any CPU.Build.0 = Release|Any CPU
		{CA06CBBB-0C55-4EB0-90A0-2E39460F3C90}.Debug|Any CPU.ActiveCfg = Debug|Any CPU
		{CA06CBBB-0C55-4EB0-90A0-2E39460F3C90}.Debug|Any CPU.Build.0 = Debug|Any CPU
		{CA06CBBB-0C55-4EB0-90A0-2E39460F3C90}.Release|Any CPU.ActiveCfg = Release|Any CPU
		{CA06CBBB-0C55-4EB0-90A0-2E39460F3C90}.Release|Any CPU.Build.0 = Release|Any CPU
		{84BF6699-751A-4078-AEC4-E217DACDEC28}.Debug|Any CPU.ActiveCfg = Debug|Any CPU
		{84BF6699-751A-4078-AEC4-E217DACDEC28}.Debug|Any CPU.Build.0 = Debug|Any CPU
		{84BF6699-751A-4078-AEC4-E217DACDEC28}.Release|Any CPU.ActiveCfg = Release|Any CPU
		{84BF6699-751A-4078-AEC4-E217DACDEC28}.Release|Any CPU.Build.0 = Release|Any CPU
		{4D86CA83-4902-4288-9144-6170AA09CEAC}.Debug|Any CPU.ActiveCfg = Debug|Any CPU
		{4D86CA83-4902-4288-9144-6170AA09CEAC}.Debug|Any CPU.Build.0 = Debug|Any CPU
		{4D86CA83-4902-4288-9144-6170AA09CEAC}.Release|Any CPU.ActiveCfg = Release|Any CPU
		{4D86CA83-4902-4288-9144-6170AA09CEAC}.Release|Any CPU.Build.0 = Release|Any CPU
	EndGlobalSection
	GlobalSection(SolutionProperties) = preSolution
		HideSolutionNode = FALSE
	EndGlobalSection
	GlobalSection(ExtensibilityGlobals) = postSolution
		SolutionGuid = {2B869970-C0B6-461B-9BCA-6B67246273B4}
	EndGlobalSection
EndGlobal
