
Microsoft Visual Studio Solution File, Format Version 11.00
# Visual Studio 2010
Project("{FAE04EC0-301F-11D3-BF4B-00C04F79EFBC}") = "Road.Flash", "Road.Flash.csproj", "{24028D61-9E32-4F86-AD36-4B4AF594094D}"
EndProject
Global
	GlobalSection(SolutionConfigurationPlatforms) = preSolution
		Debug|Any CPU = Debug|Any CPU
		Release|Any CPU = Release|Any CPU
	EndGlobalSection
	GlobalSection(ProjectConfigurationPlatforms) = postSolution
		{24028D61-9E32-4F86-AD36-4B4AF594094D}.Debug|Any CPU.ActiveCfg = Debug|Any CPU
		{24028D61-9E32-4F86-AD36-4B4AF594094D}.Debug|Any CPU.Build.0 = Debug|Any CPU
		{24028D61-9E32-4F86-AD36-4B4AF594094D}.Release|Any CPU.ActiveCfg = Release|Any CPU
		{24028D61-9E32-4F86-AD36-4B4AF594094D}.Release|Any CPU.Build.0 = Release|Any CPU
	EndGlobalSection
	GlobalSection(SolutionProperties) = preSolution
		HideSolutionNode = FALSE
	EndGlobalSection
EndGlobal
